Microsoft Visual Studio Solution File, Format Version 12.00
# Visual Studio Version 17
VisualStudioVersion = 17.5.2.0
MinimumVisualStudioVersion = 10.0.40219.1
Project("{FAE04EC0-301F-11D3-BF4B-00C04F79EFBC}") = "ModuleThreeAssignment", "ModuleThreeAssignment.csproj", "{CD994BF1-018C-0420-0AA4-0DD99BF515D5}"
EndProject
Global
	GlobalSection(SolutionConfigurationPlatforms) = preSolution
		Debug|Any CPU = Debug|Any CPU
		Release|Any CPU = Release|Any CPU
	EndGlobalSection
	GlobalSection(ProjectConfigurationPlatforms) = postSolution
		{CD994BF1-018C-0420-0AA4-0DD99BF515D5}.Debug|Any CPU.ActiveCfg = Debug|Any CPU
		{CD994BF1-018C-0420-0AA4-0DD99BF515D5}.Debug|Any CPU.Build.0 = Debug|Any CPU
		{CD994BF1-018C-0420-0AA4-0DD99BF515D5}.Release|Any CPU.ActiveCfg = Release|Any CPU
		{CD994BF1-018C-0420-0AA4-0DD99BF515D5}.Release|Any CPU.Build.0 = Release|Any CPU
	EndGlobalSection
	GlobalSection(SolutionProperties) = preSolution
		HideSolutionNode = FALSE
	EndGlobalSection
	GlobalSection(ExtensibilityGlobals) = postSolution
		SolutionGuid = {DEEB24EC-12A1-408A-975E-253F7483127A}
	EndGlobalSection
EndGlobal
